
Microsoft Visual Studio Solution File, Format Version 12.00
# Visual Studio Version 17
VisualStudioVersion = 17.5.002.0
MinimumVisualStudioVersion = 10.0.40219.1
Project("{9A19103F-16F7-4668-BE54-9A1E7A4F7556}") = "Backend", "Backend\Backend.csproj", "{F711EF76-E9A0-45D9-A3C3-09A42740D557}"
EndProject
Global
	GlobalSection(SolutionConfigurationPlatforms) = preSolution
		Debug|Any CPU = Debug|Any CPU
		Release|Any CPU = Release|Any CPU
	EndGlobalSection
	GlobalSection(ProjectConfigurationPlatforms) = postSolution
		{F711EF76-E9A0-45D9-A3C3-09A42740D557}.Debug|Any CPU.ActiveCfg = Debug|Any CPU
		{F711EF76-E9A0-45D9-A3C3-09A42740D557}.Debug|Any CPU.Build.0 = Debug|Any CPU
		{F711EF76-E9A0-45D9-A3C3-09A42740D557}.Release|Any CPU.ActiveCfg = Release|Any CPU
		{F711EF76-E9A0-45D9-A3C3-09A42740D557}.Release|Any CPU.Build.0 = Release|Any CPU
	EndGlobalSection
	GlobalSection(SolutionProperties) = preSolution
		HideSolutionNode = FALSE
	EndGlobalSection
	GlobalSection(ExtensibilityGlobals) = postSolution
		SolutionGuid = {7359BB0C-7678-4CE8-BF4A-011DAEB1CAA3}
	EndGlobalSection
EndGlobal
